// !$*UTF8*$!
{
	archiveVersion = 1;
	classes = {};
	objectVersion = 77;
	objects = {

		A10000000000000000000001 /* WhoopsyApp.swift in Sources */ = {isa = PBXBuildFile; fileRef = A10000000000000000000011 /* WhoopsyApp.swift */; };
		A10000000000000000000002 /* WhoopsyCore in Frameworks */ = {isa = PBXBuildFile; productRef = A10000000000000000000021 /* WhoopsyCore */; };
		A10000000000000000000095 /* WhoopsyLiveActivityBundle.swift in Sources */ = {isa = PBXBuildFile; fileRef = A10000000000000000000092 /* WhoopsyLiveActivityBundle.swift */; };
		A10000000000000000000096 /* WhoopsySessionLiveActivity.swift in Sources */ = {isa = PBXBuildFile; fileRef = A10000000000000000000091 /* WhoopsySessionLiveActivity.swift */; };
		A10000000000000000000097 /* WhoopsyLiveActivityKit in Frameworks */ = {isa = PBXBuildFile; productRef = A100000000000000000000A4 /* WhoopsyLiveActivityKit */; };
		A10000000000000000000098 /* WhoopsyLiveActivity.appex in Embed Foundation Extensions */ = {isa = PBXBuildFile; fileRef = A10000000000000000000094 /* WhoopsyLiveActivity.appex */; settings = {ATTRIBUTES = (RemoveHeadersOnCopy, ); }; };

		A10000000000000000000011 /* WhoopsyApp.swift */ = {isa = PBXFileReference; lastKnownFileType = sourcecode.swift; path = WhoopsyApp.swift; sourceTree = "<group>"; };
		A10000000000000000000012 /* Info.plist */ = {isa = PBXFileReference; lastKnownFileType = text.plist.xml; path = Info.plist; sourceTree = "<group>"; };
		A10000000000000000000013 /* WhoopsyApp.app */ = {isa = PBXFileReference; explicitFileType = wrapper.application; includeInIndex = 0; path = WhoopsyApp.app; sourceTree = BUILT_PRODUCTS_DIR; };
		A10000000000000000000014 /* Whoopsy.entitlements */ = {isa = PBXFileReference; lastKnownFileType = text.plist.entitlements; path = Whoopsy.entitlements; sourceTree = "<group>"; };
		A10000000000000000000091 /* WhoopsySessionLiveActivity.swift */ = {isa = PBXFileReference; lastKnownFileType = sourcecode.swift; path = WhoopsySessionLiveActivity.swift; sourceTree = "<group>"; };
		A10000000000000000000092 /* WhoopsyLiveActivityBundle.swift */ = {isa = PBXFileReference; lastKnownFileType = sourcecode.swift; path = WhoopsyLiveActivityBundle.swift; sourceTree = "<group>"; };
		A10000000000000000000093 /* Info.plist */ = {isa = PBXFileReference; lastKnownFileType = text.plist.xml; path = Info.plist; sourceTree = "<group>"; };
		A10000000000000000000094 /* WhoopsyLiveActivity.appex */ = {isa = PBXFileReference; explicitFileType = "wrapper.app-extension"; includeInIndex = 0; path = WhoopsyLiveActivity.appex; sourceTree = BUILT_PRODUCTS_DIR; };

		A10000000000000000000031 /* Frameworks */ = {isa = PBXFrameworksBuildPhase; buildActionMask = 2147483647; files = (A10000000000000000000002 /* WhoopsyCore in Frameworks */,); runOnlyForDeploymentPostprocessing = 0; };
		A10000000000000000000032 /* Sources */ = {isa = PBXSourcesBuildPhase; buildActionMask = 2147483647; files = (A10000000000000000000001 /* WhoopsyApp.swift in Sources */,); runOnlyForDeploymentPostprocessing = 0; };
		A10000000000000000000033 /* Resources */ = {isa = PBXResourcesBuildPhase; buildActionMask = 2147483647; files = (); runOnlyForDeploymentPostprocessing = 0; };
		A1000000000000000000009A /* Sources */ = {isa = PBXSourcesBuildPhase; buildActionMask = 2147483647; files = (A10000000000000000000095 /* WhoopsyLiveActivityBundle.swift in Sources */, A10000000000000000000096 /* WhoopsySessionLiveActivity.swift in Sources */,); runOnlyForDeploymentPostprocessing = 0; };
		A1000000000000000000009B /* Frameworks */ = {isa = PBXFrameworksBuildPhase; buildActionMask = 2147483647; files = (A10000000000000000000097 /* WhoopsyLiveActivityKit in Frameworks */,); runOnlyForDeploymentPostprocessing = 0; };
		A1000000000000000000009C /* Resources */ = {isa = PBXResourcesBuildPhase; buildActionMask = 2147483647; files = (); runOnlyForDeploymentPostprocessing = 0; };
		A1000000000000000000009D /* Embed Foundation Extensions */ = {isa = PBXCopyFilesBuildPhase; buildActionMask = 2147483647; dstPath = ""; dstSubfolderSpec = 13; files = (A10000000000000000000098 /* WhoopsyLiveActivity.appex in Embed Foundation Extensions */,); name = "Embed Foundation Extensions"; runOnlyForDeploymentPostprocessing = 0; };

		A10000000000000000000041 = {isa = PBXGroup; children = (A10000000000000000000042 /* App */, A10000000000000000000099 /* LiveActivity */, A10000000000000000000043 /* Products */,); sourceTree = "<group>"; };
		A10000000000000000000042 /* App */ = {isa = PBXGroup; children = (A10000000000000000000011 /* WhoopsyApp.swift */, A10000000000000000000012 /* Info.plist */, A10000000000000000000014 /* Whoopsy.entitlements */,); path = App/iOS; sourceTree = "<group>"; };
		A10000000000000000000043 /* Products */ = {isa = PBXGroup; children = (A10000000000000000000013 /* WhoopsyApp.app */, A10000000000000000000094 /* WhoopsyLiveActivity.appex */,); name = Products; sourceTree = "<group>"; };
		A10000000000000000000099 /* LiveActivity */ = {isa = PBXGroup; children = (A10000000000000000000092 /* WhoopsyLiveActivityBundle.swift */, A10000000000000000000091 /* WhoopsySessionLiveActivity.swift */, A10000000000000000000093 /* Info.plist */,); path = App/LiveActivity; sourceTree = "<group>"; };

		A10000000000000000000051 /* WhoopsyApp */ = {isa = PBXNativeTarget; buildConfigurationList = A10000000000000000000061 /* Build configuration list for PBXNativeTarget "WhoopsyApp" */; buildPhases = (A10000000000000000000032 /* Sources */, A10000000000000000000031 /* Frameworks */, A10000000000000000000033 /* Resources */, A1000000000000000000009D /* Embed Foundation Extensions */,); buildRules = (); dependencies = (A100000000000000000000A2 /* PBXTargetDependency */,); name = WhoopsyApp; packageProductDependencies = (A10000000000000000000021 /* WhoopsyCore */,); productName = WhoopsyApp; productReference = A10000000000000000000013 /* WhoopsyApp.app */; productType = "com.apple.product-type.application"; };

		A1000000000000000000009E /* WhoopsyLiveActivity */ = {isa = PBXNativeTarget; buildConfigurationList = A1000000000000000000009F /* Build configuration list for PBXNativeTarget "WhoopsyLiveActivity" */; buildPhases = (A1000000000000000000009A /* Sources */, A1000000000000000000009B /* Frameworks */, A1000000000000000000009C /* Resources */,); buildRules = (); dependencies = (); name = WhoopsyLiveActivity; packageProductDependencies = (A100000000000000000000A4 /* WhoopsyLiveActivityKit */,); productName = WhoopsyLiveActivity; productReference = A10000000000000000000094 /* WhoopsyLiveActivity.appex */; productType = "com.apple.product-type.app-extension"; };

		A1000000000000000000009F /* Build configuration list for PBXNativeTarget "WhoopsyLiveActivity" */ = {isa = XCConfigurationList; buildConfigurations = (A100000000000000000000A0 /* Debug */, A100000000000000000000A1 /* Release */,); defaultConfigurationIsVisible = 0; defaultConfigurationName = Release; };
		A100000000000000000000A0 /* Debug */ = {isa = XCBuildConfiguration; buildSettings = {CODE_SIGN_STYLE = Automatic; CURRENT_PROJECT_VERSION = 1; DEVELOPMENT_TEAM = ""; GENERATE_INFOPLIST_FILE = NO; INFOPLIST_FILE = App/LiveActivity/Info.plist; IPHONEOS_DEPLOYMENT_TARGET = 17.0; LD_RUNPATH_SEARCH_PATHS = ("$(inherited)", "@executable_path/Frameworks", "@executable_path/../../Frameworks",); MARKETING_VERSION = 1.0.0; PRODUCT_BUNDLE_IDENTIFIER = org.whoopsy.app.LiveActivity; PRODUCT_NAME = "$(TARGET_NAME)"; SDKROOT = iphoneos; SKIP_INSTALL = YES; SWIFT_OPTIMIZATION_LEVEL = "-Onone"; SWIFT_VERSION = 6.0; TARGETED_DEVICE_FAMILY = "1,2"; }; name = Debug; };
		A100000000000000000000A1 /* Release */ = {isa = XCBuildConfiguration; buildSettings = {CODE_SIGN_STYLE = Automatic; CURRENT_PROJECT_VERSION = 1; DEVELOPMENT_TEAM = ""; GENERATE_INFOPLIST_FILE = NO; INFOPLIST_FILE = App/LiveActivity/Info.plist; IPHONEOS_DEPLOYMENT_TARGET = 17.0; LD_RUNPATH_SEARCH_PATHS = ("$(inherited)", "@executable_path/Frameworks", "@executable_path/../../Frameworks",); MARKETING_VERSION = 1.0.0; PRODUCT_BUNDLE_IDENTIFIER = org.whoopsy.app.LiveActivity; PRODUCT_NAME = "$(TARGET_NAME)"; SDKROOT = iphoneos; SKIP_INSTALL = YES; SWIFT_COMPILATION_MODE = wholemodule; SWIFT_VERSION = 6.0; TARGETED_DEVICE_FAMILY = "1,2"; }; name = Release; };

		A100000000000000000000A2 /* PBXTargetDependency */ = {isa = PBXTargetDependency; target = A1000000000000000000009E /* WhoopsyLiveActivity */; targetProxy = A100000000000000000000A3 /* PBXContainerItemProxy */; };
		A100000000000000000000A3 /* PBXContainerItemProxy */ = {isa = PBXContainerItemProxy; containerPortal = A10000000000000000000071 /* Project object */; proxyType = 1; remoteGlobalIDString = A1000000000000000000009E; remoteInfo = WhoopsyLiveActivity; };

		A10000000000000000000071 /* Project object */ = {isa = PBXProject; attributes = {BuildIndependentTargetsInParallel = 1; LastSwiftUpdateCheck = 2660; LastUpgradeCheck = 2660; TargetAttributes = {A10000000000000000000051 = {CreatedOnToolsVersion = 26.6; }; A1000000000000000000009E = {CreatedOnToolsVersion = 26.6; }; }; }; buildConfigurationList = A10000000000000000000072 /* Build configuration list for PBXProject "Whoopsy" */; compatibilityVersion = "Xcode 16.0"; developmentRegion = en; hasScannedForEncodings = 0; knownRegions = (en, Base,); mainGroup = A10000000000000000000041; packageReferences = (A10000000000000000000081 /* XCLocalSwiftPackageReference "Whoopsy" */,); productRefGroup = A10000000000000000000043 /* Products */; projectDirPath = ""; projectRoot = ""; targets = (A10000000000000000000051 /* WhoopsyApp */, A1000000000000000000009E /* WhoopsyLiveActivity */,); };

		A10000000000000000000061 /* Build configuration list for PBXNativeTarget "WhoopsyApp" */ = {isa = XCConfigurationList; buildConfigurations = (A10000000000000000000062 /* Debug */, A10000000000000000000063 /* Release */,); defaultConfigurationIsVisible = 0; defaultConfigurationName = Release; };
		A10000000000000000000062 /* Debug */ = {isa = XCBuildConfiguration; buildSettings = {ASSETCATALOG_COMPILER_APPICON_NAME = AppIcon; CODE_SIGN_ENTITLEMENTS = App/iOS/Whoopsy.entitlements; CODE_SIGN_STYLE = Automatic; CURRENT_PROJECT_VERSION = 1; DEVELOPMENT_TEAM = ""; ENABLE_DEBUG_DYLIB = YES; GENERATE_INFOPLIST_FILE = NO; INFOPLIST_FILE = App/iOS/Info.plist; IPHONEOS_DEPLOYMENT_TARGET = 17.0; MARKETING_VERSION = 1.0.0; PRODUCT_BUNDLE_IDENTIFIER = org.whoopsy.app; PRODUCT_NAME = "$(TARGET_NAME)"; SDKROOT = iphoneos; SWIFT_OPTIMIZATION_LEVEL = "-Onone"; SWIFT_VERSION = 6.0; TARGETED_DEVICE_FAMILY = "1,2"; }; name = Debug; };
		A10000000000000000000063 /* Release */ = {isa = XCBuildConfiguration; buildSettings = {ASSETCATALOG_COMPILER_APPICON_NAME = AppIcon; CODE_SIGN_ENTITLEMENTS = App/iOS/Whoopsy.entitlements; CODE_SIGN_STYLE = Automatic; CURRENT_PROJECT_VERSION = 1; DEVELOPMENT_TEAM = ""; GENERATE_INFOPLIST_FILE = NO; INFOPLIST_FILE = App/iOS/Info.plist; IPHONEOS_DEPLOYMENT_TARGET = 17.0; MARKETING_VERSION = 1.0.0; PRODUCT_BUNDLE_IDENTIFIER = org.whoopsy.app; PRODUCT_NAME = "$(TARGET_NAME)"; SDKROOT = iphoneos; SWIFT_COMPILATION_MODE = wholemodule; SWIFT_VERSION = 6.0; TARGETED_DEVICE_FAMILY = "1,2"; }; name = Release; };

		A10000000000000000000072 /* Build configuration list for PBXProject "Whoopsy" */ = {isa = XCConfigurationList; buildConfigurations = (A10000000000000000000073 /* Debug */, A10000000000000000000074 /* Release */,); defaultConfigurationIsVisible = 0; defaultConfigurationName = Release; };
		A10000000000000000000073 /* Debug */ = {isa = XCBuildConfiguration; buildSettings = {CLANG_ENABLE_MODULES = YES; ONLY_ACTIVE_ARCH = YES; SWIFT_VERSION = 6.0; }; name = Debug; };
		A10000000000000000000074 /* Release */ = {isa = XCBuildConfiguration; buildSettings = {CLANG_ENABLE_MODULES = YES; SWIFT_VERSION = 6.0; }; name = Release; };

		A10000000000000000000081 /* XCLocalSwiftPackageReference "Whoopsy" */ = {isa = XCLocalSwiftPackageReference; relativePath = .; };
		A10000000000000000000021 /* WhoopsyCore */ = {isa = XCSwiftPackageProductDependency; package = A10000000000000000000081 /* XCLocalSwiftPackageReference "Whoopsy" */; productName = WhoopsyCore; };
		A100000000000000000000A4 /* WhoopsyLiveActivityKit */ = {isa = XCSwiftPackageProductDependency; package = A10000000000000000000081 /* XCLocalSwiftPackageReference "Whoopsy" */; productName = WhoopsyLiveActivityKit; };
	};
	rootObject = A10000000000000000000071 /* Project object */;
}
